// !$*UTF8*$!
{
	archiveVersion = 1;
	classes = {
	};
	objectVersion = 46;
	objects = {

/* Begin PBXBuildFile section */
		1363CA711A5AEEA6008FC7AA /* NSDate+TimeAgo.m in Sources */ = {isa = PBXBuildFile; fileRef = 1363CA6F1A5AEEA6008FC7AA /* NSDate+TimeAgo.m */; };
		1363CA721A5AEEA6008FC7AA /* NSDateTimeAgo.bundle in Resources */ = {isa = PBXBuildFile; fileRef = 1363CA701A5AEEA6008FC7AA /* NSDateTimeAgo.bundle */; };
		1363CA761A5AF21F008FC7AA /* MapTableViewCell.m in Sources */ = {isa = PBXBuildFile; fileRef = 1363CA751A5AF21F008FC7AA /* MapTableViewCell.m */; };
		1363CA791A5AF298008FC7AA /* MapTableRow.m in Sources */ = {isa = PBXBuildFile; fileRef = 1363CA781A5AF298008FC7AA /* MapTableRow.m */; };
		1363CA7D1A5C8CA6008FC7AA /* DepartureTableViewCell.m in Sources */ = {isa = PBXBuildFile; fileRef = 1363CA7C1A5C8CA6008FC7AA /* DepartureTableViewCell.m */; };
		1363CA801A5C985B008FC7AA /* HighlightView.m in Sources */ = {isa = PBXBuildFile; fileRef = 1363CA7F1A5C985B008FC7AA /* HighlightView.m */; };
		1363CA831A5C9B52008FC7AA /* OpenSans-Regular.ttf in Resources */ = {isa = PBXBuildFile; fileRef = 1363CA811A5C9B52008FC7AA /* OpenSans-Regular.ttf */; };
		1363CA841A5C9B52008FC7AA /* OpenSans-Semibold.ttf in Resources */ = {isa = PBXBuildFile; fileRef = 1363CA821A5C9B52008FC7AA /* OpenSans-Semibold.ttf */; };
		1363CA871A5D99D5008FC7AA /* DepartureDetailViewController.m in Sources */ = {isa = PBXBuildFile; fileRef = 1363CA861A5D99D5008FC7AA /* DepartureDetailViewController.m */; };
		1363CA8A1A5DD628008FC7AA /* TripCallingPoint.m in Sources */ = {isa = PBXBuildFile; fileRef = 1363CA891A5DD628008FC7AA /* TripCallingPoint.m */; };
		1363CA8D1A5DE1D9008FC7AA /* LocationSearchViewController.m in Sources */ = {isa = PBXBuildFile; fileRef = 1363CA8C1A5DE1D9008FC7AA /* LocationSearchViewController.m */; };
		1363CA901A5DE3D7008FC7AA /* NavigationBarController.m in Sources */ = {isa = PBXBuildFile; fileRef = 1363CA8F1A5DE3D7008FC7AA /* NavigationBarController.m */; };
		139266031A5EE1D900AF8E53 /* DepartureTimelinePoint.m in Sources */ = {isa = PBXBuildFile; fileRef = 139266021A5EE1D900AF8E53 /* DepartureTimelinePoint.m */; };
		139266061A5EE36900AF8E53 /* DepartureTimelineTableViewCell.m in Sources */ = {isa = PBXBuildFile; fileRef = 139266051A5EE36900AF8E53 /* DepartureTimelineTableViewCell.m */; };
		13BAB2741A5ACD2E0043FA14 /* main.m in Sources */ = {isa = PBXBuildFile; fileRef = 13BAB2731A5ACD2E0043FA14 /* main.m */; };
		13BAB2771A5ACD2E0043FA14 /* AppDelegate.m in Sources */ = {isa = PBXBuildFile; fileRef = 13BAB2761A5ACD2E0043FA14 /* AppDelegate.m */; };
		13BAB27F1A5ACD2E0043FA14 /* Images.xcassets in Resources */ = {isa = PBXBuildFile; fileRef = 13BAB27E1A5ACD2E0043FA14 /* Images.xcassets */; };
		13BAB2821A5ACD2E0043FA14 /* LaunchScreen.xib in Resources */ = {isa = PBXBuildFile; fileRef = 13BAB2801A5ACD2E0043FA14 /* LaunchScreen.xib */; };
		13BAB28E1A5ACD2E0043FA14 /* TransporterTests.m in Sources */ = {isa = PBXBuildFile; fileRef = 13BAB28D1A5ACD2E0043FA14 /* TransporterTests.m */; };
		13BAB2991A5ACDBD0043FA14 /* DeparturesViewController.m in Sources */ = {isa = PBXBuildFile; fileRef = 13BAB2981A5ACDBD0043FA14 /* DeparturesViewController.m */; };
		13BAB29E1A5ACF350043FA14 /* Departure.m in Sources */ = {isa = PBXBuildFile; fileRef = 13BAB29D1A5ACF350043FA14 /* Departure.m */; };
		13BAB2A11A5ACF430043FA14 /* Stop.m in Sources */ = {isa = PBXBuildFile; fileRef = 13BAB2A01A5ACF430043FA14 /* Stop.m */; };
		13BAB2A31A5ACF7F0043FA14 /* CoreLocation.framework in Frameworks */ = {isa = PBXBuildFile; fileRef = 13BAB2A21A5ACF7F0043FA14 /* CoreLocation.framework */; };
		13BAB2A51A5ACF830043FA14 /* MapKit.framework in Frameworks */ = {isa = PBXBuildFile; fileRef = 13BAB2A41A5ACF830043FA14 /* MapKit.framework */; };
		13BAB2A81A5AD0440043FA14 /* Route.m in Sources */ = {isa = PBXBuildFile; fileRef = 13BAB2A71A5AD0440043FA14 /* Route.m */; };
		13BAB2AB1A5AD0A40043FA14 /* Model.m in Sources */ = {isa = PBXBuildFile; fileRef = 13BAB2AA1A5AD0A40043FA14 /* Model.m */; };
		13BAB2AF1A5AD17C0043FA14 /* DepartureController.m in Sources */ = {isa = PBXBuildFile; fileRef = 13BAB2AE1A5AD17C0043FA14 /* DepartureController.m */; };
		13BAB2B21A5AD1A10043FA14 /* AppController.m in Sources */ = {isa = PBXBuildFile; fileRef = 13BAB2B11A5AD1A10043FA14 /* AppController.m */; };
		13BAB2C01A5AE7530043FA14 /* libLightningTable.a in Frameworks */ = {isa = PBXBuildFile; fileRef = 13BAB2BF1A5AE7530043FA14 /* libLightningTable.a */; };
		13CF587B1A5ECF840060E625 /* RouteDeparturesViewController.m in Sources */ = {isa = PBXBuildFile; fileRef = 13CF587A1A5ECF840060E625 /* RouteDeparturesViewController.m */; };
		13D3A84A1A862986005E5CE4 /* AFHTTPRequestOperation.m in Sources */ = {isa = PBXBuildFile; fileRef = 13D3A8381A862986005E5CE4 /* AFHTTPRequestOperation.m */; };
		13D3A84B1A862986005E5CE4 /* AFHTTPRequestOperationManager.m in Sources */ = {isa = PBXBuildFile; fileRef = 13D3A83A1A862986005E5CE4 /* AFHTTPRequestOperationManager.m */; };
		13D3A84C1A862986005E5CE4 /* AFHTTPSessionManager.m in Sources */ = {isa = PBXBuildFile; fileRef = 13D3A83C1A862986005E5CE4 /* AFHTTPSessionManager.m */; };
		13D3A84D1A862986005E5CE4 /* AFNetworkReachabilityManager.m in Sources */ = {isa = PBXBuildFile; fileRef = 13D3A83F1A862986005E5CE4 /* AFNetworkReachabilityManager.m */; };
		13D3A84E1A862986005E5CE4 /* AFSecurityPolicy.m in Sources */ = {isa = PBXBuildFile; fileRef = 13D3A8411A862986005E5CE4 /* AFSecurityPolicy.m */; };
		13D3A84F1A862986005E5CE4 /* AFURLConnectionOperation.m in Sources */ = {isa = PBXBuildFile; fileRef = 13D3A8431A862986005E5CE4 /* AFURLConnectionOperation.m */; };
		13D3A8501A862986005E5CE4 /* AFURLRequestSerialization.m in Sources */ = {isa = PBXBuildFile; fileRef = 13D3A8451A862986005E5CE4 /* AFURLRequestSerialization.m */; };
		13D3A8511A862986005E5CE4 /* AFURLResponseSerialization.m in Sources */ = {isa = PBXBuildFile; fileRef = 13D3A8471A862986005E5CE4 /* AFURLResponseSerialization.m */; };
		13D3A8521A862986005E5CE4 /* AFURLSessionManager.m in Sources */ = {isa = PBXBuildFile; fileRef = 13D3A8491A862986005E5CE4 /* AFURLSessionManager.m */; };
		13D3A8651A86299B005E5CE4 /* AFNetworkActivityIndicatorManager.m in Sources */ = {isa = PBXBuildFile; fileRef = 13D3A8551A86299B005E5CE4 /* AFNetworkActivityIndicatorManager.m */; };
		13D3A8661A86299B005E5CE4 /* UIActivityIndicatorView+AFNetworking.m in Sources */ = {isa = PBXBuildFile; fileRef = 13D3A8571A86299B005E5CE4 /* UIActivityIndicatorView+AFNetworking.m */; };
		13D3A8671A86299B005E5CE4 /* UIAlertView+AFNetworking.m in Sources */ = {isa = PBXBuildFile; fileRef = 13D3A8591A86299B005E5CE4 /* UIAlertView+AFNetworking.m */; };
		13D3A8681A86299B005E5CE4 /* UIButton+AFNetworking.m in Sources */ = {isa = PBXBuildFile; fileRef = 13D3A85B1A86299B005E5CE4 /* UIButton+AFNetworking.m */; };
		13D3A8691A86299B005E5CE4 /* UIImageView+AFNetworking.m in Sources */ = {isa = PBXBuildFile; fileRef = 13D3A85D1A86299B005E5CE4 /* UIImageView+AFNetworking.m */; };
		13D3A86A1A86299B005E5CE4 /* UIProgressView+AFNetworking.m in Sources */ = {isa = PBXBuildFile; fileRef = 13D3A8601A86299B005E5CE4 /* UIProgressView+AFNetworking.m */; };
		13D3A86B1A86299B005E5CE4 /* UIRefreshControl+AFNetworking.m in Sources */ = {isa = PBXBuildFile; fileRef = 13D3A8621A86299B005E5CE4 /* UIRefreshControl+AFNetworking.m */; };
		13D3A86C1A86299B005E5CE4 /* UIWebView+AFNetworking.m in Sources */ = {isa = PBXBuildFile; fileRef = 13D3A8641A86299B005E5CE4 /* UIWebView+AFNetworking.m */; };
		13D3A8711A8655A9005E5CE4 /* PCAngularActivityIndicatorView.m in Sources */ = {isa = PBXBuildFile; fileRef = 13D3A8701A8655A9005E5CE4 /* PCAngularActivityIndicatorView.m */; };
/* End PBXBuildFile section */

/* Begin PBXContainerItemProxy section */
		13BAB2881A5ACD2E0043FA14 /* PBXContainerItemProxy */ = {
			isa = PBXContainerItemProxy;
			containerPortal = 13BAB2661A5ACD2E0043FA14 /* Project object */;
			proxyType = 1;
			remoteGlobalIDString = 13BAB26D1A5ACD2E0043FA14;
			remoteInfo = Transporter;
		};
/* End PBXContainerItemProxy section */

/* Begin PBXFileReference section */
		1363CA6E1A5AEEA6008FC7AA /* NSDate+TimeAgo.h */ = {isa = PBXFileReference; fileEncoding = 4; lastKnownFileType = sourcecode.c.h; path = "NSDate+TimeAgo.h"; sourceTree = "<group>"; };
		1363CA6F1A5AEEA6008FC7AA /* NSDate+TimeAgo.m */ = {isa = PBXFileReference; fileEncoding = 4; lastKnownFileType = sourcecode.c.objc; path = "NSDate+TimeAgo.m"; sourceTree = "<group>"; };
		1363CA701A5AEEA6008FC7AA /* NSDateTimeAgo.bundle */ = {isa = PBXFileReference; lastKnownFileType = "wrapper.plug-in"; path = NSDateTimeAgo.bundle; sourceTree = "<group>"; };
		1363CA741A5AF21F008FC7AA /* MapTableViewCell.h */ = {isa = PBXFileReference; fileEncoding = 4; lastKnownFileType = sourcecode.c.h; path = MapTableViewCell.h; sourceTree = "<group>"; };
		1363CA751A5AF21F008FC7AA /* MapTableViewCell.m */ = {isa = PBXFileReference; fileEncoding = 4; lastKnownFileType = sourcecode.c.objc; path = MapTableViewCell.m; sourceTree = "<group>"; };
		1363CA771A5AF298008FC7AA /* MapTableRow.h */ = {isa = PBXFileReference; fileEncoding = 4; lastKnownFileType = sourcecode.c.h; path = MapTableRow.h; sourceTree = "<group>"; };
		1363CA781A5AF298008FC7AA /* MapTableRow.m */ = {isa = PBXFileReference; fileEncoding = 4; lastKnownFileType = sourcecode.c.objc; path = MapTableRow.m; sourceTree = "<group>"; };
		1363CA7B1A5C8CA6008FC7AA /* DepartureTableViewCell.h */ = {isa = PBXFileReference; fileEncoding = 4; lastKnownFileType = sourcecode.c.h; path = DepartureTableViewCell.h; sourceTree = "<group>"; };
		1363CA7C1A5C8CA6008FC7AA /* DepartureTableViewCell.m */ = {isa = PBXFileReference; fileEncoding = 4; lastKnownFileType = sourcecode.c.objc; path = DepartureTableViewCell.m; sourceTree = "<group>"; };
		1363CA7E1A5C985B008FC7AA /* HighlightView.h */ = {isa = PBXFileReference; fileEncoding = 4; lastKnownFileType = sourcecode.c.h; path = HighlightView.h; sourceTree = "<group>"; };
		1363CA7F1A5C985B008FC7AA /* HighlightView.m */ = {isa = PBXFileReference; fileEncoding = 4; lastKnownFileType = sourcecode.c.objc; path = HighlightView.m; sourceTree = "<group>"; };
		1363CA811A5C9B52008FC7AA /* OpenSans-Regular.ttf */ = {isa = PBXFileReference; lastKnownFileType = file; path = "OpenSans-Regular.ttf"; sourceTree = "<group>"; };
		1363CA821A5C9B52008FC7AA /* OpenSans-Semibold.ttf */ = {isa = PBXFileReference; lastKnownFileType = file; path = "OpenSans-Semibold.ttf"; sourceTree = "<group>"; };
		1363CA851A5D99D5008FC7AA /* DepartureDetailViewController.h */ = {isa = PBXFileReference; fileEncoding = 4; lastKnownFileType = sourcecode.c.h; path = DepartureDetailViewController.h; sourceTree = "<group>"; };
		1363CA861A5D99D5008FC7AA /* DepartureDetailViewController.m */ = {isa = PBXFileReference; fileEncoding = 4; lastKnownFileType = sourcecode.c.objc; path = DepartureDetailViewController.m; sourceTree = "<group>"; };
		1363CA881A5DD628008FC7AA /* TripCallingPoint.h */ = {isa = PBXFileReference; fileEncoding = 4; lastKnownFileType = sourcecode.c.h; path = TripCallingPoint.h; sourceTree = "<group>"; };
		1363CA891A5DD628008FC7AA /* TripCallingPoint.m */ = {isa = PBXFileReference; fileEncoding = 4; lastKnownFileType = sourcecode.c.objc; path = TripCallingPoint.m; sourceTree = "<group>"; };
		1363CA8B1A5DE1D9008FC7AA /* LocationSearchViewController.h */ = {isa = PBXFileReference; fileEncoding = 4; lastKnownFileType = sourcecode.c.h; path = LocationSearchViewController.h; sourceTree = "<group>"; };
		1363CA8C1A5DE1D9008FC7AA /* LocationSearchViewController.m */ = {isa = PBXFileReference; fileEncoding = 4; lastKnownFileType = sourcecode.c.objc; path = LocationSearchViewController.m; sourceTree = "<group>"; };
		1363CA8E1A5DE3D7008FC7AA /* NavigationBarController.h */ = {isa = PBXFileReference; fileEncoding = 4; lastKnownFileType = sourcecode.c.h; path = NavigationBarController.h; sourceTree = "<group>"; };
		1363CA8F1A5DE3D7008FC7AA /* NavigationBarController.m */ = {isa = PBXFileReference; fileEncoding = 4; lastKnownFileType = sourcecode.c.objc; path = NavigationBarController.m; sourceTree = "<group>"; };
		139266011A5EE1D900AF8E53 /* DepartureTimelinePoint.h */ = {isa = PBXFileReference; fileEncoding = 4; lastKnownFileType = sourcecode.c.h; path = DepartureTimelinePoint.h; sourceTree = "<group>"; };
		139266021A5EE1D900AF8E53 /* DepartureTimelinePoint.m */ = {isa = PBXFileReference; fileEncoding = 4; lastKnownFileType = sourcecode.c.objc; path = DepartureTimelinePoint.m; sourceTree = "<group>"; };
		139266041A5EE36900AF8E53 /* DepartureTimelineTableViewCell.h */ = {isa = PBXFileReference; fileEncoding = 4; lastKnownFileType = sourcecode.c.h; path = DepartureTimelineTableViewCell.h; sourceTree = "<group>"; };
		139266051A5EE36900AF8E53 /* DepartureTimelineTableViewCell.m */ = {isa = PBXFileReference; fileEncoding = 4; lastKnownFileType = sourcecode.c.objc; path = DepartureTimelineTableViewCell.m; sourceTree = "<group>"; };
		13BAB26E1A5ACD2E0043FA14 /* Transporter.app */ = {isa = PBXFileReference; explicitFileType = wrapper.application; includeInIndex = 0; path = Transporter.app; sourceTree = BUILT_PRODUCTS_DIR; };
		13BAB2721A5ACD2E0043FA14 /* Info.plist */ = {isa = PBXFileReference; lastKnownFileType = text.plist.xml; path = Info.plist; sourceTree = "<group>"; };
		13BAB2731A5ACD2E0043FA14 /* main.m */ = {isa = PBXFileReference; lastKnownFileType = sourcecode.c.objc; path = main.m; sourceTree = "<group>"; };
		13BAB2751A5ACD2E0043FA14 /* AppDelegate.h */ = {isa = PBXFileReference; lastKnownFileType = sourcecode.c.h; path = AppDelegate.h; sourceTree = "<group>"; };
		13BAB2761A5ACD2E0043FA14 /* AppDelegate.m */ = {isa = PBXFileReference; lastKnownFileType = sourcecode.c.objc; path = AppDelegate.m; sourceTree = "<group>"; };
		13BAB27E1A5ACD2E0043FA14 /* Images.xcassets */ = {isa = PBXFileReference; lastKnownFileType = folder.assetcatalog; path = Images.xcassets; sourceTree = "<group>"; };
		13BAB2811A5ACD2E0043FA14 /* Base */ = {isa = PBXFileReference; lastKnownFileType = file.xib; name = Base; path = Base.lproj/LaunchScreen.xib; sourceTree = "<group>"; };
		13BAB2871A5ACD2E0043FA14 /* TransporterTests.xctest */ = {isa = PBXFileReference; explicitFileType = wrapper.cfbundle; includeInIndex = 0; path = TransporterTests.xctest; sourceTree = BUILT_PRODUCTS_DIR; };
		13BAB28C1A5ACD2E0043FA14 /* Info.plist */ = {isa = PBXFileReference; lastKnownFileType = text.plist.xml; path = Info.plist; sourceTree = "<group>"; };
		13BAB28D1A5ACD2E0043FA14 /* TransporterTests.m */ = {isa = PBXFileReference; lastKnownFileType = sourcecode.c.objc; path = TransporterTests.m; sourceTree = "<group>"; };
		13BAB2971A5ACDBD0043FA14 /* DeparturesViewController.h */ = {isa = PBXFileReference; fileEncoding = 4; lastKnownFileType = sourcecode.c.h; path = DeparturesViewController.h; sourceTree = "<group>"; };
		13BAB2981A5ACDBD0043FA14 /* DeparturesViewController.m */ = {isa = PBXFileReference; fileEncoding = 4; lastKnownFileType = sourcecode.c.objc; path = DeparturesViewController.m; sourceTree = "<group>"; };
		13BAB29C1A5ACF350043FA14 /* Departure.h */ = {isa = PBXFileReference; fileEncoding = 4; lastKnownFileType = sourcecode.c.h; path = Departure.h; sourceTree = "<group>"; };
		13BAB29D1A5ACF350043FA14 /* Departure.m */ = {isa = PBXFileReference; fileEncoding = 4; lastKnownFileType = sourcecode.c.objc; path = Departure.m; sourceTree = "<group>"; };
		13BAB29F1A5ACF430043FA14 /* Stop.h */ = {isa = PBXFileReference; fileEncoding = 4; lastKnownFileType = sourcecode.c.h; path = Stop.h; sourceTree = "<group>"; };
		13BAB2A01A5ACF430043FA14 /* Stop.m */ = {isa = PBXFileReference; fileEncoding = 4; lastKnownFileType = sourcecode.c.objc; path = Stop.m; sourceTree = "<group>"; };
		13BAB2A21A5ACF7F0043FA14 /* CoreLocation.framework */ = {isa = PBXFileReference; lastKnownFileType = wrapper.framework; name = CoreLocation.framework; path = System/Library/Frameworks/CoreLocation.framework; sourceTree = SDKROOT; };
		13BAB2A41A5ACF830043FA14 /* MapKit.framework */ = {isa = PBXFileReference; lastKnownFileType = wrapper.framework; name = MapKit.framework; path = System/Library/Frameworks/MapKit.framework; sourceTree = SDKROOT; };
		13BAB2A61A5AD0440043FA14 /* Route.h */ = {isa = PBXFileReference; fileEncoding = 4; lastKnownFileType = sourcecode.c.h; path = Route.h; sourceTree = "<group>"; };
		13BAB2A71A5AD0440043FA14 /* Route.m */ = {isa = PBXFileReference; fileEncoding = 4; lastKnownFileType = sourcecode.c.objc; path = Route.m; sourceTree = "<group>"; };
		13BAB2A91A5AD0A40043FA14 /* Model.h */ = {isa = PBXFileReference; fileEncoding = 4; lastKnownFileType = sourcecode.c.h; path = Model.h; sourceTree = "<group>"; };
		13BAB2AA1A5AD0A40043FA14 /* Model.m */ = {isa = PBXFileReference; fileEncoding = 4; lastKnownFileType = sourcecode.c.objc; path = Model.m; sourceTree = "<group>"; };
		13BAB2AD1A5AD17C0043FA14 /* DepartureController.h */ = {isa = PBXFileReference; fileEncoding = 4; lastKnownFileType = sourcecode.c.h; path = DepartureController.h; sourceTree = "<group>"; };
		13BAB2AE1A5AD17C0043FA14 /* DepartureController.m */ = {isa = PBXFileReference; fileEncoding = 4; lastKnownFileType = sourcecode.c.objc; path = DepartureController.m; sourceTree = "<group>"; };
		13BAB2B01A5AD1A10043FA14 /* AppController.h */ = {isa = PBXFileReference; fileEncoding = 4; lastKnownFileType = sourcecode.c.h; path = AppController.h; sourceTree = "<group>"; };
		13BAB2B11A5AD1A10043FA14 /* AppController.m */ = {isa = PBXFileReference; fileEncoding = 4; lastKnownFileType = sourcecode.c.objc; path = AppController.m; sourceTree = "<group>"; };
		13BAB2B31A5AD2070043FA14 /* TransporterKit.h */ = {isa = PBXFileReference; lastKnownFileType = sourcecode.c.h; path = TransporterKit.h; sourceTree = "<group>"; };
		13BAB2BF1A5AE7530043FA14 /* libLightningTable.a */ = {isa = PBXFileReference; lastKnownFileType = archive.ar; name = libLightningTable.a; path = "LightningTable/build/Debug-iphoneos/libLightningTable.a"; sourceTree = "<group>"; };
		13CF58791A5ECF840060E625 /* RouteDeparturesViewController.h */ = {isa = PBXFileReference; fileEncoding = 4; lastKnownFileType = sourcecode.c.h; path = RouteDeparturesViewController.h; sourceTree = "<group>"; };
		13CF587A1A5ECF840060E625 /* RouteDeparturesViewController.m */ = {isa = PBXFileReference; fileEncoding = 4; lastKnownFileType = sourcecode.c.objc; path = RouteDeparturesViewController.m; sourceTree = "<group>"; };
		13D3A8371A862986005E5CE4 /* AFHTTPRequestOperation.h */ = {isa = PBXFileReference; fileEncoding = 4; lastKnownFileType = sourcecode.c.h; path = AFHTTPRequestOperation.h; sourceTree = "<group>"; };
		13D3A8381A862986005E5CE4 /* AFHTTPRequestOperation.m */ = {isa = PBXFileReference; fileEncoding = 4; lastKnownFileType = sourcecode.c.objc; path = AFHTTPRequestOperation.m; sourceTree = "<group>"; };
		13D3A8391A862986005E5CE4 /* AFHTTPRequestOperationManager.h */ = {isa = PBXFileReference; fileEncoding = 4; lastKnownFileType = sourcecode.c.h; path = AFHTTPRequestOperationManager.h; sourceTree = "<group>"; };
		13D3A83A1A862986005E5CE4 /* AFHTTPRequestOperationManager.m */ = {isa = PBXFileReference; fileEncoding = 4; lastKnownFileType = sourcecode.c.objc; path = AFHTTPRequestOperationManager.m; sourceTree = "<group>"; };
		13D3A83B1A862986005E5CE4 /* AFHTTPSessionManager.h */ = {isa = PBXFileReference; fileEncoding = 4; lastKnownFileType = sourcecode.c.h; path = AFHTTPSessionManager.h; sourceTree = "<group>"; };
		13D3A83C1A862986005E5CE4 /* AFHTTPSessionManager.m */ = {isa = PBXFileReference; fileEncoding = 4; lastKnownFileType = sourcecode.c.objc; path = AFHTTPSessionManager.m; sourceTree = "<group>"; };
		13D3A83D1A862986005E5CE4 /* AFNetworking.h */ = {isa = PBXFileReference; fileEncoding = 4; lastKnownFileType = sourcecode.c.h; path = AFNetworking.h; sourceTree = "<group>"; };
		13D3A83E1A862986005E5CE4 /* AFNetworkReachabilityManager.h */ = {isa = PBXFileReference; fileEncoding = 4; lastKnownFileType = sourcecode.c.h; path = AFNetworkReachabilityManager.h; sourceTree = "<group>"; };
		13D3A83F1A862986005E5CE4 /* AFNetworkReachabilityManager.m */ = {isa = PBXFileReference; fileEncoding = 4; lastKnownFileType = sourcecode.c.objc; path = AFNetworkReachabilityManager.m; sourceTree = "<group>"; };
		13D3A8401A862986005E5CE4 /* AFSecurityPolicy.h */ = {isa = PBXFileReference; fileEncoding = 4; lastKnownFileType = sourcecode.c.h; path = AFSecurityPolicy.h; sourceTree = "<group>"; };
		13D3A8411A862986005E5CE4 /* AFSecurityPolicy.m */ = {isa = PBXFileReference; fileEncoding = 4; lastKnownFileType = sourcecode.c.objc; path = AFSecurityPolicy.m; sourceTree = "<group>"; };
		13D3A8421A862986005E5CE4 /* AFURLConnectionOperation.h */ = {isa = PBXFileReference; fileEncoding = 4; lastKnownFileType = sourcecode.c.h; path = AFURLConnectionOperation.h; sourceTree = "<group>"; };
		13D3A8431A862986005E5CE4 /* AFURLConnectionOperation.m */ = {isa = PBXFileReference; fileEncoding = 4; lastKnownFileType = sourcecode.c.objc; path = AFURLConnectionOperation.m; sourceTree = "<group>"; };
		13D3A8441A862986005E5CE4 /* AFURLRequestSerialization.h */ = {isa = PBXFileReference; fileEncoding = 4; lastKnownFileType = sourcecode.c.h; path = AFURLRequestSerialization.h; sourceTree = "<group>"; };
		13D3A8451A862986005E5CE4 /* AFURLRequestSerialization.m */ = {isa = PBXFileReference; fileEncoding = 4; lastKnownFileType = sourcecode.c.objc; path = AFURLRequestSerialization.m; sourceTree = "<group>"; };
		13D3A8461A862986005E5CE4 /* AFURLResponseSerialization.h */ = {isa = PBXFileReference; fileEncoding = 4; lastKnownFileType = sourcecode.c.h; path = AFURLResponseSerialization.h; sourceTree = "<group>"; };
		13D3A8471A862986005E5CE4 /* AFURLResponseSerialization.m */ = {isa = PBXFileReference; fileEncoding = 4; lastKnownFileType = sourcecode.c.objc; path = AFURLResponseSerialization.m; sourceTree = "<group>"; };
		13D3A8481A862986005E5CE4 /* AFURLSessionManager.h */ = {isa = PBXFileReference; fileEncoding = 4; lastKnownFileType = sourcecode.c.h; path = AFURLSessionManager.h; sourceTree = "<group>"; };
		13D3A8491A862986005E5CE4 /* AFURLSessionManager.m */ = {isa = PBXFileReference; fileEncoding = 4; lastKnownFileType = sourcecode.c.objc; path = AFURLSessionManager.m; sourceTree = "<group>"; };
		13D3A8541A86299B005E5CE4 /* AFNetworkActivityIndicatorManager.h */ = {isa = PBXFileReference; fileEncoding = 4; lastKnownFileType = sourcecode.c.h; path = AFNetworkActivityIndicatorManager.h; sourceTree = "<group>"; };
		13D3A8551A86299B005E5CE4 /* AFNetworkActivityIndicatorManager.m */ = {isa = PBXFileReference; fileEncoding = 4; lastKnownFileType = sourcecode.c.objc; path = AFNetworkActivityIndicatorManager.m; sourceTree = "<group>"; };
		13D3A8561A86299B005E5CE4 /* UIActivityIndicatorView+AFNetworking.h */ = {isa = PBXFileReference; fileEncoding = 4; lastKnownFileType = sourcecode.c.h; path = "UIActivityIndicatorView+AFNetworking.h"; sourceTree = "<group>"; };
		13D3A8571A86299B005E5CE4 /* UIActivityIndicatorView+AFNetworking.m */ = {isa = PBXFileReference; fileEncoding = 4; lastKnownFileType = sourcecode.c.objc; path = "UIActivityIndicatorView+AFNetworking.m"; sourceTree = "<group>"; };
		13D3A8581A86299B005E5CE4 /* UIAlertView+AFNetworking.h */ = {isa = PBXFileReference; fileEncoding = 4; lastKnownFileType = sourcecode.c.h; path = "UIAlertView+AFNetworking.h"; sourceTree = "<group>"; };
		13D3A8591A86299B005E5CE4 /* UIAlertView+AFNetworking.m */ = {isa = PBXFileReference; fileEncoding = 4; lastKnownFileType = sourcecode.c.objc; path = "UIAlertView+AFNetworking.m"; sourceTree = "<group>"; };
		13D3A85A1A86299B005E5CE4 /* UIButton+AFNetworking.h */ = {isa = PBXFileReference; fileEncoding = 4; lastKnownFileType = sourcecode.c.h; path = "UIButton+AFNetworking.h"; sourceTree = "<group>"; };
		13D3A85B1A86299B005E5CE4 /* UIButton+AFNetworking.m */ = {isa = PBXFileReference; fileEncoding = 4; lastKnownFileType = sourcecode.c.objc; path = "UIButton+AFNetworking.m"; sourceTree = "<group>"; };
		13D3A85C1A86299B005E5CE4 /* UIImageView+AFNetworking.h */ = {isa = PBXFileReference; fileEncoding = 4; lastKnownFileType = sourcecode.c.h; path = "UIImageView+AFNetworking.h"; sourceTree = "<group>"; };
		13D3A85D1A86299B005E5CE4 /* UIImageView+AFNetworking.m */ = {isa = PBXFileReference; fileEncoding = 4; lastKnownFileType = sourcecode.c.objc; path = "UIImageView+AFNetworking.m"; sourceTree = "<group>"; };
		13D3A85E1A86299B005E5CE4 /* UIKit+AFNetworking.h */ = {isa = PBXFileReference; fileEncoding = 4; lastKnownFileType = sourcecode.c.h; path = "UIKit+AFNetworking.h"; sourceTree = "<group>"; };
		13D3A85F1A86299B005E5CE4 /* UIProgressView+AFNetworking.h */ = {isa = PBXFileReference; fileEncoding = 4; lastKnownFileType = sourcecode.c.h; path = "UIProgressView+AFNetworking.h"; sourceTree = "<group>"; };
		13D3A8601A86299B005E5CE4 /* UIProgressView+AFNetworking.m */ = {isa = PBXFileReference; fileEncoding = 4; lastKnownFileType = sourcecode.c.objc; path = "UIProgressView+AFNetworking.m"; sourceTree = "<group>"; };
		13D3A8611A86299B005E5CE4 /* UIRefreshControl+AFNetworking.h */ = {isa = PBXFileReference; fileEncoding = 4; lastKnownFileType = sourcecode.c.h; path = "UIRefreshControl+AFNetworking.h"; sourceTree = "<group>"; };
		13D3A8621A86299B005E5CE4 /* UIRefreshControl+AFNetworking.m */ = {isa = PBXFileReference; fileEncoding = 4; lastKnownFileType = sourcecode.c.objc; path = "UIRefreshControl+AFNetworking.m"; sourceTree = "<group>"; };
		13D3A8631A86299B005E5CE4 /* UIWebView+AFNetworking.h */ = {isa = PBXFileReference; fileEncoding = 4; lastKnownFileType = sourcecode.c.h; path = "UIWebView+AFNetworking.h"; sourceTree = "<group>"; };
		13D3A8641A86299B005E5CE4 /* UIWebView+AFNetworking.m */ = {isa = PBXFileReference; fileEncoding = 4; lastKnownFileType = sourcecode.c.objc; path = "UIWebView+AFNetworking.m"; sourceTree = "<group>"; };
		13D3A86D1A862F94005E5CE4 /* AddressBook.framework */ = {isa = PBXFileReference; lastKnownFileType = wrapper.framework; name = AddressBook.framework; path = System/Library/Frameworks/AddressBook.framework; sourceTree = SDKROOT; };
		13D3A86F1A8655A9005E5CE4 /* PCAngularActivityIndicatorView.h */ = {isa = PBXFileReference; fileEncoding = 4; lastKnownFileType = sourcecode.c.h; path = PCAngularActivityIndicatorView.h; sourceTree = "<group>"; };
		13D3A8701A8655A9005E5CE4 /* PCAngularActivityIndicatorView.m */ = {isa = PBXFileReference; fileEncoding = 4; lastKnownFileType = sourcecode.c.objc; path = PCAngularActivityIndicatorView.m; sourceTree = "<group>"; };
/* End PBXFileReference section */

/* Begin PBXFrameworksBuildPhase section */
		13BAB26B1A5ACD2E0043FA14 /* Frameworks */ = {
			isa = PBXFrameworksBuildPhase;
			buildActionMask = 2147483647;
			files = (
				13BAB2C01A5AE7530043FA14 /* libLightningTable.a in Frameworks */,
				13BAB2A51A5ACF830043FA14 /* MapKit.framework in Frameworks */,
				13BAB2A31A5ACF7F0043FA14 /* CoreLocation.framework in Frameworks */,
			);
			runOnlyForDeploymentPostprocessing = 0;
		};
		13BAB2841A5ACD2E0043FA14 /* Frameworks */ = {
			isa = PBXFrameworksBuildPhase;
			buildActionMask = 2147483647;
			files = (
			);
			runOnlyForDeploymentPostprocessing = 0;
		};
/* End PBXFrameworksBuildPhase section */

/* Begin PBXGroup section */
		1363CA731A5AF208008FC7AA /* Views */ = {
			isa = PBXGroup;
			children = (
				1363CA741A5AF21F008FC7AA /* MapTableViewCell.h */,
				1363CA751A5AF21F008FC7AA /* MapTableViewCell.m */,
				1363CA771A5AF298008FC7AA /* MapTableRow.h */,
				1363CA781A5AF298008FC7AA /* MapTableRow.m */,
			);
			name = Views;
			sourceTree = "<group>";
		};
		1363CA7A1A5C8BDE008FC7AA /* Views */ = {
			isa = PBXGroup;
			children = (
				1363CA7B1A5C8CA6008FC7AA /* DepartureTableViewCell.h */,
				1363CA7C1A5C8CA6008FC7AA /* DepartureTableViewCell.m */,
				1363CA7E1A5C985B008FC7AA /* HighlightView.h */,
				1363CA7F1A5C985B008FC7AA /* HighlightView.m */,
				139266041A5EE36900AF8E53 /* DepartureTimelineTableViewCell.h */,
				139266051A5EE36900AF8E53 /* DepartureTimelineTableViewCell.m */,
			);
			name = Views;
			sourceTree = "<group>";
		};
		13BAB2651A5ACD2E0043FA14 = {
			isa = PBXGroup;
			children = (
				13BAB2A41A5ACF830043FA14 /* MapKit.framework */,
				13BAB2A21A5ACF7F0043FA14 /* CoreLocation.framework */,
				13BAB2701A5ACD2E0043FA14 /* Transporter */,
				13BAB28A1A5ACD2E0043FA14 /* TransporterTests */,
				13BAB26F1A5ACD2E0043FA14 /* Products */,
				F3A82BF8C8650DA70642086E /* Frameworks */,
			);
			sourceTree = "<group>";
		};
		13BAB26F1A5ACD2E0043FA14 /* Products */ = {
			isa = PBXGroup;
			children = (
				13BAB26E1A5ACD2E0043FA14 /* Transporter.app */,
				13BAB2871A5ACD2E0043FA14 /* TransporterTests.xctest */,
			);
			name = Products;
			sourceTree = "<group>";
		};
		13BAB2701A5ACD2E0043FA14 /* Transporter */ = {
			isa = PBXGroup;
			children = (
				13BAB2B31A5AD2070043FA14 /* TransporterKit.h */,
				13BAB2751A5ACD2E0043FA14 /* AppDelegate.h */,
				13BAB2761A5ACD2E0043FA14 /* AppDelegate.m */,
				1363CA731A5AF208008FC7AA /* Views */,
				13BAB2AC1A5AD16E0043FA14 /* Controllers */,
				13BAB29B1A5ACF260043FA14 /* Models */,
				13BAB29A1A5ACDC10043FA14 /* View Controllers */,
				1363CA7A1A5C8BDE008FC7AA /* Views */,
				13BAB27E1A5ACD2E0043FA14 /* Images.xcassets */,
				13BAB2801A5ACD2E0043FA14 /* LaunchScreen.xib */,
				13BAB2711A5ACD2E0043FA14 /* Supporting Files */,
			);
			path = Transporter;
			sourceTree = "<group>";
		};
		13BAB2711A5ACD2E0043FA14 /* Supporting Files */ = {
			isa = PBXGroup;
			children = (
				13D3A8531A86298B005E5CE4 /* AFNetworking */,
				1363CA811A5C9B52008FC7AA /* OpenSans-Regular.ttf */,
				1363CA821A5C9B52008FC7AA /* OpenSans-Semibold.ttf */,
				1363CA6E1A5AEEA6008FC7AA /* NSDate+TimeAgo.h */,
				1363CA6F1A5AEEA6008FC7AA /* NSDate+TimeAgo.m */,
				1363CA701A5AEEA6008FC7AA /* NSDateTimeAgo.bundle */,
				13BAB2721A5ACD2E0043FA14 /* Info.plist */,
				13BAB2731A5ACD2E0043FA14 /* main.m */,
			);
			name = "Supporting Files";
			sourceTree = "<group>";
		};
		13BAB28A1A5ACD2E0043FA14 /* TransporterTests */ = {
			isa = PBXGroup;
			children = (
				13BAB28D1A5ACD2E0043FA14 /* TransporterTests.m */,
				13BAB28B1A5ACD2E0043FA14 /* Supporting Files */,
			);
			path = TransporterTests;
			sourceTree = "<group>";
		};
		13BAB28B1A5ACD2E0043FA14 /* Supporting Files */ = {
			isa = PBXGroup;
			children = (
				13BAB28C1A5ACD2E0043FA14 /* Info.plist */,
			);
			name = "Supporting Files";
			sourceTree = "<group>";
		};
		13BAB29A1A5ACDC10043FA14 /* View Controllers */ = {
			isa = PBXGroup;
			children = (
				1363CA8E1A5DE3D7008FC7AA /* NavigationBarController.h */,
				1363CA8F1A5DE3D7008FC7AA /* NavigationBarController.m */,
				13BAB2971A5ACDBD0043FA14 /* DeparturesViewController.h */,
				13BAB2981A5ACDBD0043FA14 /* DeparturesViewController.m */,
				1363CA851A5D99D5008FC7AA /* DepartureDetailViewController.h */,
				1363CA861A5D99D5008FC7AA /* DepartureDetailViewController.m */,
				13CF58791A5ECF840060E625 /* RouteDeparturesViewController.h */,
				13CF587A1A5ECF840060E625 /* RouteDeparturesViewController.m */,
				1363CA8B1A5DE1D9008FC7AA /* LocationSearchViewController.h */,
				1363CA8C1A5DE1D9008FC7AA /* LocationSearchViewController.m */,
			);
			name = "View Controllers";
			sourceTree = "<group>";
		};
		13BAB29B1A5ACF260043FA14 /* Models */ = {
			isa = PBXGroup;
			children = (
				13BAB2A91A5AD0A40043FA14 /* Model.h */,
				13BAB2AA1A5AD0A40043FA14 /* Model.m */,
				13BAB29C1A5ACF350043FA14 /* Departure.h */,
				13BAB29D1A5ACF350043FA14 /* Departure.m */,
				13BAB2A61A5AD0440043FA14 /* Route.h */,
				13BAB2A71A5AD0440043FA14 /* Route.m */,
				13BAB29F1A5ACF430043FA14 /* Stop.h */,
				13BAB2A01A5ACF430043FA14 /* Stop.m */,
				1363CA881A5DD628008FC7AA /* TripCallingPoint.h */,
				1363CA891A5DD628008FC7AA /* TripCallingPoint.m */,
				139266011A5EE1D900AF8E53 /* DepartureTimelinePoint.h */,
				139266021A5EE1D900AF8E53 /* DepartureTimelinePoint.m */,
			);
			name = Models;
			sourceTree = "<group>";
		};
		13BAB2AC1A5AD16E0043FA14 /* Controllers */ = {
			isa = PBXGroup;
			children = (
				13BAB2B01A5AD1A10043FA14 /* AppController.h */,
				13BAB2B11A5AD1A10043FA14 /* AppController.m */,
				13BAB2AD1A5AD17C0043FA14 /* DepartureController.h */,
				13BAB2AE1A5AD17C0043FA14 /* DepartureController.m */,
			);
			name = Controllers;
			sourceTree = "<group>";
		};
		13D3A8531A86298B005E5CE4 /* AFNetworking */ = {
			isa = PBXGroup;
			children = (
				13D3A86F1A8655A9005E5CE4 /* PCAngularActivityIndicatorView.h */,
				13D3A8701A8655A9005E5CE4 /* PCAngularActivityIndicatorView.m */,
				13D3A8541A86299B005E5CE4 /* AFNetworkActivityIndicatorManager.h */,
				13D3A8551A86299B005E5CE4 /* AFNetworkActivityIndicatorManager.m */,
				13D3A8561A86299B005E5CE4 /* UIActivityIndicatorView+AFNetworking.h */,
				13D3A8571A86299B005E5CE4 /* UIActivityIndicatorView+AFNetworking.m */,
				13D3A8581A86299B005E5CE4 /* UIAlertView+AFNetworking.h */,
				13D3A8591A86299B005E5CE4 /* UIAlertView+AFNetworking.m */,
				13D3A85A1A86299B005E5CE4 /* UIButton+AFNetworking.h */,
				13D3A85B1A86299B005E5CE4 /* UIButton+AFNetworking.m */,
				13D3A85C1A86299B005E5CE4 /* UIImageView+AFNetworking.h */,
				13D3A85D1A86299B005E5CE4 /* UIImageView+AFNetworking.m */,
				13D3A85E1A86299B005E5CE4 /* UIKit+AFNetworking.h */,
				13D3A85F1A86299B005E5CE4 /* UIProgressView+AFNetworking.h */,
				13D3A8601A86299B005E5CE4 /* UIProgressView+AFNetworking.m */,
				13D3A8611A86299B005E5CE4 /* UIRefreshControl+AFNetworking.h */,
				13D3A8621A86299B005E5CE4 /* UIRefreshControl+AFNetworking.m */,
				13D3A8631A86299B005E5CE4 /* UIWebView+AFNetworking.h */,
				13D3A8641A86299B005E5CE4 /* UIWebView+AFNetworking.m */,
				13D3A8371A862986005E5CE4 /* AFHTTPRequestOperation.h */,
				13D3A8381A862986005E5CE4 /* AFHTTPRequestOperation.m */,
				13D3A8391A862986005E5CE4 /* AFHTTPRequestOperationManager.h */,
				13D3A83A1A862986005E5CE4 /* AFHTTPRequestOperationManager.m */,
				13D3A83B1A862986005E5CE4 /* AFHTTPSessionManager.h */,
				13D3A83C1A862986005E5CE4 /* AFHTTPSessionManager.m */,
				13D3A83D1A862986005E5CE4 /* AFNetworking.h */,
				13D3A83E1A862986005E5CE4 /* AFNetworkReachabilityManager.h */,
				13D3A83F1A862986005E5CE4 /* AFNetworkReachabilityManager.m */,
				13D3A8401A862986005E5CE4 /* AFSecurityPolicy.h */,
				13D3A8411A862986005E5CE4 /* AFSecurityPolicy.m */,
				13D3A8421A862986005E5CE4 /* AFURLConnectionOperation.h */,
				13D3A8431A862986005E5CE4 /* AFURLConnectionOperation.m */,
				13D3A8441A862986005E5CE4 /* AFURLRequestSerialization.h */,
				13D3A8451A862986005E5CE4 /* AFURLRequestSerialization.m */,
				13D3A8461A862986005E5CE4 /* AFURLResponseSerialization.h */,
				13D3A8471A862986005E5CE4 /* AFURLResponseSerialization.m */,
				13D3A8481A862986005E5CE4 /* AFURLSessionManager.h */,
				13D3A8491A862986005E5CE4 /* AFURLSessionManager.m */,
			);
			name = AFNetworking;
			sourceTree = "<group>";
		};
		F3A82BF8C8650DA70642086E /* Frameworks */ = {
			isa = PBXGroup;
			children = (
				13D3A86D1A862F94005E5CE4 /* AddressBook.framework */,
				13BAB2BF1A5AE7530043FA14 /* libLightningTable.a */,
			);
			name = Frameworks;
			sourceTree = "<group>";
		};
/* End PBXGroup section */

/* Begin PBXNativeTarget section */
		13BAB26D1A5ACD2E0043FA14 /* Transporter */ = {
			isa = PBXNativeTarget;
			buildConfigurationList = 13BAB2911A5ACD2E0043FA14 /* Build configuration list for PBXNativeTarget "Transporter" */;
			buildPhases = (
				13BAB26A1A5ACD2E0043FA14 /* Sources */,
				13BAB26B1A5ACD2E0043FA14 /* Frameworks */,
				13BAB26C1A5ACD2E0043FA14 /* Resources */,
			);
			buildRules = (
			);
			dependencies = (
			);
			name = Transporter;
			productName = Transporter;
			productReference = 13BAB26E1A5ACD2E0043FA14 /* Transporter.app */;
			productType = "com.apple.product-type.application";
		};
		13BAB2861A5ACD2E0043FA14 /* TransporterTests */ = {
			isa = PBXNativeTarget;
			buildConfigurationList = 13BAB2941A5ACD2E0043FA14 /* Build configuration list for PBXNativeTarget "TransporterTests" */;
			buildPhases = (
				13BAB2831A5ACD2E0043FA14 /* Sources */,
				13BAB2841A5ACD2E0043FA14 /* Frameworks */,
				13BAB2851A5ACD2E0043FA14 /* Resources */,
			);
			buildRules = (
			);
			dependencies = (
				13BAB2891A5ACD2E0043FA14 /* PBXTargetDependency */,
			);
			name = TransporterTests;
			productName = TransporterTests;
			productReference = 13BAB2871A5ACD2E0043FA14 /* TransporterTests.xctest */;
			productType = "com.apple.product-type.bundle.unit-test";
		};
/* End PBXNativeTarget section */

/* Begin PBXProject section */
		13BAB2661A5ACD2E0043FA14 /* Project object */ = {
			isa = PBXProject;
			attributes = {
				LastUpgradeCheck = 0610;
				ORGANIZATIONNAME = "Phillip Caudell";
				TargetAttributes = {
					13BAB26D1A5ACD2E0043FA14 = {
						CreatedOnToolsVersion = 6.1;
					};
					13BAB2861A5ACD2E0043FA14 = {
						CreatedOnToolsVersion = 6.1;
						TestTargetID = 13BAB26D1A5ACD2E0043FA14;
					};
				};
			};
			buildConfigurationList = 13BAB2691A5ACD2E0043FA14 /* Build configuration list for PBXProject "Transporter" */;
			compatibilityVersion = "Xcode 3.2";
			developmentRegion = English;
			hasScannedForEncodings = 0;
			knownRegions = (
				en,
				Base,
			);
			mainGroup = 13BAB2651A5ACD2E0043FA14;
			productRefGroup = 13BAB26F1A5ACD2E0043FA14 /* Products */;
			projectDirPath = "";
			projectRoot = "";
			targets = (
				13BAB26D1A5ACD2E0043FA14 /* Transporter */,
				13BAB2861A5ACD2E0043FA14 /* TransporterTests */,
			);
		};
/* End PBXProject section */

/* Begin PBXResourcesBuildPhase section */
		13BAB26C1A5ACD2E0043FA14 /* Resources */ = {
			isa = PBXResourcesBuildPhase;
			buildActionMask = 2147483647;
			files = (
				1363CA721A5AEEA6008FC7AA /* NSDateTimeAgo.bundle in Resources */,
				13BAB2821A5ACD2E0043FA14 /* LaunchScreen.xib in Resources */,
				1363CA831A5C9B52008FC7AA /* OpenSans-Regular.ttf in Resources */,
				13BAB27F1A5ACD2E0043FA14 /* Images.xcassets in Resources */,
				1363CA841A5C9B52008FC7AA /* OpenSans-Semibold.ttf in Resources */,
			);
			runOnlyForDeploymentPostprocessing = 0;
		};
		13BAB2851A5ACD2E0043FA14 /* Resources */ = {
			isa = PBXResourcesBuildPhase;
			buildActionMask = 2147483647;
			files = (
			);
			runOnlyForDeploymentPostprocessing = 0;
		};
/* End PBXResourcesBuildPhase section */

/* Begin PBXSourcesBuildPhase section */
		13BAB26A1A5ACD2E0043FA14 /* Sources */ = {
			isa = PBXSourcesBuildPhase;
			buildActionMask = 2147483647;
			files = (
				13D3A8681A86299B005E5CE4 /* UIButton+AFNetworking.m in Sources */,
				1363CA8D1A5DE1D9008FC7AA /* LocationSearchViewController.m in Sources */,
				1363CA8A1A5DD628008FC7AA /* TripCallingPoint.m in Sources */,
				13BAB2AF1A5AD17C0043FA14 /* DepartureController.m in Sources */,
				13D3A86A1A86299B005E5CE4 /* UIProgressView+AFNetworking.m in Sources */,
				1363CA761A5AF21F008FC7AA /* MapTableViewCell.m in Sources */,
				13D3A84F1A862986005E5CE4 /* AFURLConnectionOperation.m in Sources */,
				13D3A86B1A86299B005E5CE4 /* UIRefreshControl+AFNetworking.m in Sources */,
				139266031A5EE1D900AF8E53 /* DepartureTimelinePoint.m in Sources */,
				1363CA7D1A5C8CA6008FC7AA /* DepartureTableViewCell.m in Sources */,
				13BAB2A11A5ACF430043FA14 /* Stop.m in Sources */,
				13BAB2991A5ACDBD0043FA14 /* DeparturesViewController.m in Sources */,
				13BAB2771A5ACD2E0043FA14 /* AppDelegate.m in Sources */,
				13CF587B1A5ECF840060E625 /* RouteDeparturesViewController.m in Sources */,
				13D3A8651A86299B005E5CE4 /* AFNetworkActivityIndicatorManager.m in Sources */,
				13D3A84A1A862986005E5CE4 /* AFHTTPRequestOperation.m in Sources */,
				1363CA901A5DE3D7008FC7AA /* NavigationBarController.m in Sources */,
				13D3A84D1A862986005E5CE4 /* AFNetworkReachabilityManager.m in Sources */,
				13D3A8671A86299B005E5CE4 /* UIAlertView+AFNetworking.m in Sources */,
				13BAB2B21A5AD1A10043FA14 /* AppController.m in Sources */,
				13D3A8521A862986005E5CE4 /* AFURLSessionManager.m in Sources */,
				1363CA801A5C985B008FC7AA /* HighlightView.m in Sources */,
				13D3A84B1A862986005E5CE4 /* AFHTTPRequestOperationManager.m in Sources */,
				13D3A84C1A862986005E5CE4 /* AFHTTPSessionManager.m in Sources */,
				1363CA711A5AEEA6008FC7AA /* NSDate+TimeAgo.m in Sources */,
				13D3A8511A862986005E5CE4 /* AFURLResponseSerialization.m in Sources */,
				13D3A8501A862986005E5CE4 /* AFURLRequestSerialization.m in Sources */,
				1363CA871A5D99D5008FC7AA /* DepartureDetailViewController.m in Sources */,
				13D3A8691A86299B005E5CE4 /* UIImageView+AFNetworking.m in Sources */,
				13BAB2A81A5AD0440043FA14 /* Route.m in Sources */,
				13BAB2AB1A5AD0A40043FA14 /* Model.m in Sources */,
				13BAB29E1A5ACF350043FA14 /* Departure.m in Sources */,
				13D3A84E1A862986005E5CE4 /* AFSecurityPolicy.m in Sources */,
				1363CA791A5AF298008FC7AA /* MapTableRow.m in Sources */,
				13D3A86C1A86299B005E5CE4 /* UIWebView+AFNetworking.m in Sources */,
				13D3A8711A8655A9005E5CE4 /* PCAngularActivityIndicatorView.m in Sources */,
				139266061A5EE36900AF8E53 /* DepartureTimelineTableViewCell.m in Sources */,
				13D3A8661A86299B005E5CE4 /* UIActivityIndicatorView+AFNetworking.m in Sources */,
				13BAB2741A5ACD2E0043FA14 /* main.m in Sources */,
			);
			runOnlyForDeploymentPostprocessing = 0;
		};
		13BAB2831A5ACD2E0043FA14 /* Sources */ = {
			isa = PBXSourcesBuildPhase;
			buildActionMask = 2147483647;
			files = (
				13BAB28E1A5ACD2E0043FA14 /* TransporterTests.m in Sources */,
			);
			runOnlyForDeploymentPostprocessing = 0;
		};
/* End PBXSourcesBuildPhase section */

/* Begin PBXTargetDependency section */
		13BAB2891A5ACD2E0043FA14 /* PBXTargetDependency */ = {
			isa = PBXTargetDependency;
			target = 13BAB26D1A5ACD2E0043FA14 /* Transporter */;
			targetProxy = 13BAB2881A5ACD2E0043FA14 /* PBXContainerItemProxy */;
		};
/* End PBXTargetDependency section */

/* Begin PBXVariantGroup section */
		13BAB2801A5ACD2E0043FA14 /* LaunchScreen.xib */ = {
			isa = PBXVariantGroup;
			children = (
				13BAB2811A5ACD2E0043FA14 /* Base */,
			);
			name = LaunchScreen.xib;
			sourceTree = "<group>";
		};
/* End PBXVariantGroup section */

/* Begin XCBuildConfiguration section */
		13BAB28F1A5ACD2E0043FA14 /* Debug */ = {
			isa = XCBuildConfiguration;
			buildSettings = {
				ALWAYS_SEARCH_USER_PATHS = NO;
				CLANG_CXX_LANGUAGE_STANDARD = "gnu++0x";
				CLANG_CXX_LIBRARY = "libc++";
				CLANG_ENABLE_MODULES = YES;
				CLANG_ENABLE_OBJC_ARC = YES;
				CLANG_WARN_BOOL_CONVERSION = YES;
				CLANG_WARN_CONSTANT_CONVERSION = YES;
				CLANG_WARN_DIRECT_OBJC_ISA_USAGE = YES_ERROR;
				CLANG_WARN_EMPTY_BODY = YES;
				CLANG_WARN_ENUM_CONVERSION = YES;
				CLANG_WARN_INT_CONVERSION = YES;
				CLANG_WARN_OBJC_ROOT_CLASS = YES_ERROR;
				CLANG_WARN_UNREACHABLE_CODE = YES;
				CLANG_WARN__DUPLICATE_METHOD_MATCH = YES;
				"CODE_SIGN_IDENTITY[sdk=iphoneos*]" = "iPhone Developer";
				COPY_PHASE_STRIP = NO;
				ENABLE_STRICT_OBJC_MSGSEND = YES;
				GCC_C_LANGUAGE_STANDARD = gnu99;
				GCC_DYNAMIC_NO_PIC = NO;
				GCC_OPTIMIZATION_LEVEL = 0;
				GCC_PREPROCESSOR_DEFINITIONS = (
					"DEBUG=1",
					"$(inherited)",
				);
				GCC_SYMBOLS_PRIVATE_EXTERN = NO;
				GCC_WARN_64_TO_32_BIT_CONVERSION = YES;
				GCC_WARN_ABOUT_RETURN_TYPE = YES_ERROR;
				GCC_WARN_UNDECLARED_SELECTOR = YES;
				GCC_WARN_UNINITIALIZED_AUTOS = YES_AGGRESSIVE;
				GCC_WARN_UNUSED_FUNCTION = YES;
				GCC_WARN_UNUSED_VARIABLE = YES;
				IPHONEOS_DEPLOYMENT_TARGET = 8.1;
				MTL_ENABLE_DEBUG_INFO = YES;
				ONLY_ACTIVE_ARCH = YES;
				SDKROOT = iphoneos;
				TARGETED_DEVICE_FAMILY = "1,2";
			};
			name = Debug;
		};
		13BAB2901A5ACD2E0043FA14 /* Release */ = {
			isa = XCBuildConfiguration;
			buildSettings = {
				ALWAYS_SEARCH_USER_PATHS = NO;
				CLANG_CXX_LANGUAGE_STANDARD = "gnu++0x";
				CLANG_CXX_LIBRARY = "libc++";
				CLANG_ENABLE_MODULES = YES;
				CLANG_ENABLE_OBJC_ARC = YES;
				CLANG_WARN_BOOL_CONVERSION = YES;
				CLANG_WARN_CONSTANT_CONVERSION = YES;
				CLANG_WARN_DIRECT_OBJC_ISA_USAGE = YES_ERROR;
				CLANG_WARN_EMPTY_BODY = YES;
				CLANG_WARN_ENUM_CONVERSION = YES;
				CLANG_WARN_INT_CONVERSION = YES;
				CLANG_WARN_OBJC_ROOT_CLASS = YES_ERROR;
				CLANG_WARN_UNREACHABLE_CODE = YES;
				CLANG_WARN__DUPLICATE_METHOD_MATCH = YES;
				"CODE_SIGN_IDENTITY[sdk=iphoneos*]" = "iPhone Developer";
				COPY_PHASE_STRIP = YES;
				ENABLE_NS_ASSERTIONS = NO;
				ENABLE_STRICT_OBJC_MSGSEND = YES;
				GCC_C_LANGUAGE_STANDARD = gnu99;
				GCC_WARN_64_TO_32_BIT_CONVERSION = YES;
				GCC_WARN_ABOUT_RETURN_TYPE = YES_ERROR;
				GCC_WARN_UNDECLARED_SELECTOR = YES;
				GCC_WARN_UNINITIALIZED_AUTOS = YES_AGGRESSIVE;
				GCC_WARN_UNUSED_FUNCTION = YES;
				GCC_WARN_UNUSED_VARIABLE = YES;
				IPHONEOS_DEPLOYMENT_TARGET = 8.1;
				MTL_ENABLE_DEBUG_INFO = NO;
				SDKROOT = iphoneos;
				TARGETED_DEVICE_FAMILY = "1,2";
				VALIDATE_PRODUCT = YES;
			};
			name = Release;
		};
		13BAB2921A5ACD2E0043FA14 /* Debug */ = {
			isa = XCBuildConfiguration;
			buildSettings = {
				ASSETCATALOG_COMPILER_APPICON_NAME = AppIcon;
				HEADER_SEARCH_PATHS = (
					"\"${PODS_ROOT}/Headers/Public\"",
					"\"${PODS_ROOT}/Headers/Public/AFNetworking\"",
					"\"$(SRCROOT)/LightningTable/LightningTable\"",
				);
				INFOPLIST_FILE = Transporter/Info.plist;
				LD_RUNPATH_SEARCH_PATHS = "$(inherited) @executable_path/Frameworks";
				LIBRARY_SEARCH_PATHS = (
					"$(inherited)",
					"$(PROJECT_DIR)/LightningTable/build/Debug-iphoneos",
				);
				PRODUCT_NAME = "$(TARGET_NAME)";
			};
			name = Debug;
		};
		13BAB2931A5ACD2E0043FA14 /* Release */ = {
			isa = XCBuildConfiguration;
			buildSettings = {
				ASSETCATALOG_COMPILER_APPICON_NAME = AppIcon;
				HEADER_SEARCH_PATHS = (
					"\"${PODS_ROOT}/Headers/Public\"",
					"\"${PODS_ROOT}/Headers/Public/AFNetworking\"",
					"\"$(SRCROOT)/LightningTable/LightningTable\"",
				);
				INFOPLIST_FILE = Transporter/Info.plist;
				LD_RUNPATH_SEARCH_PATHS = "$(inherited) @executable_path/Frameworks";
				LIBRARY_SEARCH_PATHS = (
					"$(inherited)",
					"$(PROJECT_DIR)/LightningTable/build/Debug-iphoneos",
				);
				PRODUCT_NAME = "$(TARGET_NAME)";
			};
			name = Release;
		};
		13BAB2951A5ACD2E0043FA14 /* Debug */ = {
			isa = XCBuildConfiguration;
			buildSettings = {
				BUNDLE_LOADER = "$(TEST_HOST)";
				FRAMEWORK_SEARCH_PATHS = (
					"$(SDKROOT)/Developer/Library/Frameworks",
					"$(inherited)",
				);
				GCC_PREPROCESSOR_DEFINITIONS = (
					"DEBUG=1",
					"$(inherited)",
				);
				INFOPLIST_FILE = TransporterTests/Info.plist;
				LD_RUNPATH_SEARCH_PATHS = "$(inherited) @executable_path/Frameworks @loader_path/Frameworks";
				PRODUCT_NAME = "$(TARGET_NAME)";
				TEST_HOST = "$(BUILT_PRODUCTS_DIR)/Transporter.app/Transporter";
			};
			name = Debug;
		};
		13BAB2961A5ACD2E0043FA14 /* Release */ = {
			isa = XCBuildConfiguration;
			buildSettings = {
				BUNDLE_LOADER = "$(TEST_HOST)";
				FRAMEWORK_SEARCH_PATHS = (
					"$(SDKROOT)/Developer/Library/Frameworks",
					"$(inherited)",
				);
				INFOPLIST_FILE = TransporterTests/Info.plist;
				LD_RUNPATH_SEARCH_PATHS = "$(inherited) @executable_path/Frameworks @loader_path/Frameworks";
				PRODUCT_NAME = "$(TARGET_NAME)";
				TEST_HOST = "$(BUILT_PRODUCTS_DIR)/Transporter.app/Transporter";
			};
			name = Release;
		};
/* End XCBuildConfiguration section */

/* Begin XCConfigurationList section */
		13BAB2691A5ACD2E0043FA14 /* Build configuration list for PBXProject "Transporter" */ = {
			isa = XCConfigurationList;
			buildConfigurations = (
				13BAB28F1A5ACD2E0043FA14 /* Debug */,
				13BAB2901A5ACD2E0043FA14 /* Release */,
			);
			defaultConfigurationIsVisible = 0;
			defaultConfigurationName = Release;
		};
		13BAB2911A5ACD2E0043FA14 /* Build configuration list for PBXNativeTarget "Transporter" */ = {
			isa = XCConfigurationList;
			buildConfigurations = (
				13BAB2921A5ACD2E0043FA14 /* Debug */,
				13BAB2931A5ACD2E0043FA14 /* Release */,
			);
			defaultConfigurationIsVisible = 0;
			defaultConfigurationName = Release;
		};
		13BAB2941A5ACD2E0043FA14 /* Build configuration list for PBXNativeTarget "TransporterTests" */ = {
			isa = XCConfigurationList;
			buildConfigurations = (
				13BAB2951A5ACD2E0043FA14 /* Debug */,
				13BAB2961A5ACD2E0043FA14 /* Release */,
			);
			defaultConfigurationIsVisible = 0;
			defaultConfigurationName = Release;
		};
/* End XCConfigurationList section */
	};
	rootObject = 13BAB2661A5ACD2E0043FA14 /* Project object */;
}
